
Microsoft Visual Studio Solution File, Format Version 12.00
# Visual Studio Version 16
VisualStudioVersion = 16.0.808.10
MinimumVisualStudioVersion = 10.0.40219.1
Project("{FAE04EC0-301F-11D3-BF4B-00C04F79EFBC}") = "SalesTaxDemo", "SalesTaxDemo.csproj", "{F1C9037B-603C-4A5D-9659-E37C7C36A339}"
EndProject
Global
	GlobalSection(SolutionConfigurationPlatforms) = preSolution
		Debug|Any CPU = Debug|Any CPU
		Release|Any CPU = Release|Any CPU
	EndGlobalSection
	GlobalSection(ProjectConfigurationPlatforms) = postSolution
		{F1C9037B-603C-4A5D-9659-E37C7C36A339}.Debug|Any CPU.ActiveCfg = Debug|Any CPU
		{F1C9037B-603C-4A5D-9659-E37C7C36A339}.Debug|Any CPU.Build.0 = Debug|Any CPU
		{F1C9037B-603C-4A5D-9659-E37C7C36A339}.Release|Any CPU.ActiveCfg = Release|Any CPU
		{F1C9037B-603C-4A5D-9659-E37C7C36A339}.Release|Any CPU.Build.0 = Release|Any CPU
	EndGlobalSection
	GlobalSection(SolutionProperties) = preSolution
		HideSolutionNode = FALSE
	EndGlobalSection
	GlobalSection(ExtensibilityGlobals) = postSolution
		SolutionGuid = {5A422B1B-F7F7-46E2-91F0-C80F7332392A}
	EndGlobalSection
EndGlobal
